
Microsoft Visual Studio Solution File, Format Version 12.00
# Visual Studio Version 16
VisualStudioVersion = 16.0.30804.86
MinimumVisualStudioVersion = 10.0.40219.1
Project("{9A19103F-16F7-4668-BE54-9A1E7A4F7556}") = "DataAccess", "DataAccess\DataAccess.csproj", "{478CABF3-77FC-4827-A026-002DA925C3A3}"
EndProject
Project("{9A19103F-16F7-4668-BE54-9A1E7A4F7556}") = "Business", "Business\Business.csproj", "{9773EB68-A136-42BE-B8EE-73E06B1255CD}"
EndProject
Project("{9A19103F-16F7-4668-BE54-9A1E7A4F7556}") = "Entities", "Entities\Entities.csproj", "{42DEA261-C0BC-4900-B77F-716524A8B51C}"
EndProject
Project("{9A19103F-16F7-4668-BE54-9A1E7A4F7556}") = "ConsoleUI", "ConsoleUI\ConsoleUI.csproj", "{57A96153-CDAC-48A9-BDC5-1E499DB1CBAD}"
EndProject
Project("{9A19103F-16F7-4668-BE54-9A1E7A4F7556}") = "Core", "Core\Core.csproj", "{BCD7583D-14AF-4B5D-91BC-3F309D78A8A5}"
EndProject
Project("{FAE04EC0-301F-11D3-BF4B-00C04F79EFBC}") = "WebAPI", "WebAPI\WebAPI.csproj", "{BD557FB4-8055-4A2B-8CB6-8C49649B52D8}"
EndProject
Global
	GlobalSection(SolutionConfigurationPlatforms) = preSolution
		Debug|Any CPU = Debug|Any CPU
		Release|Any CPU = Release|Any CPU
	EndGlobalSection
	GlobalSection(ProjectConfigurationPlatforms) = postSolution
		{478CABF3-77FC-4827-A026-002DA925C3A3}.Debug|Any CPU.ActiveCfg = Debug|Any CPU
		{478CABF3-77FC-4827-A026-002DA925C3A3}.Debug|Any CPU.Build.0 = Debug|Any CPU
		{478CABF3-77FC-4827-A026-002DA925C3A3}.Release|Any CPU.ActiveCfg = Release|Any CPU
		{478CABF3-77FC-4827-A026-002DA925C3A3}.Release|Any CPU.Build.0 = Release|Any CPU
		{9773EB68-A136-42BE-B8EE-73E06B1255CD}.Debug|Any CPU.ActiveCfg = Debug|Any CPU
		{9773EB68-A136-42BE-B8EE-73E06B1255CD}.Debug|Any CPU.Build.0 = Debug|Any CPU
		{9773EB68-A136-42BE-B8EE-73E06B1255CD}.Release|Any CPU.ActiveCfg = Release|Any CPU
		{9773EB68-A136-42BE-B8EE-73E06B1255CD}.Release|Any CPU.Build.0 = Release|Any CPU
		{42DEA261-C0BC-4900-B77F-716524A8B51C}.Debug|Any CPU.ActiveCfg = Debug|Any CPU
		{42DEA261-C0BC-4900-B77F-716524A8B51C}.Debug|Any CPU.Build.0 = Debug|Any CPU
		{42DEA261-C0BC-4900-B77F-716524A8B51C}.Release|Any CPU.ActiveCfg = Release|Any CPU
		{42DEA261-C0BC-4900-B77F-716524A8B51C}.Release|Any CPU.Build.0 = Release|Any CPU
		{57A96153-CDAC-48A9-BDC5-1E499DB1CBAD}.Debug|Any CPU.ActiveCfg = Debug|Any CPU
		{57A96153-CDAC-48A9-BDC5-1E499DB1CBAD}.Debug|Any CPU.Build.0 = Debug|Any CPU
		{57A96153-CDAC-48A9-BDC5-1E499DB1CBAD}.Release|Any CPU.ActiveCfg = Release|Any CPU
		{57A96153-CDAC-48A9-BDC5-1E499DB1CBAD}.Release|Any CPU.Build.0 = Release|Any CPU
		{BCD7583D-14AF-4B5D-91BC-3F309D78A8A5}.Debug|Any CPU.ActiveCfg = Debug|Any CPU
		{BCD7583D-14AF-4B5D-91BC-3F309D78A8A5}.Debug|Any CPU.Build.0 = Debug|Any CPU
		{BCD7583D-14AF-4B5D-91BC-3F309D78A8A5}.Release|Any CPU.ActiveCfg = Release|Any CPU
		{BCD7583D-14AF-4B5D-91BC-3F309D78A8A5}.Release|Any CPU.Build.0 = Release|Any CPU
		{BD557FB4-8055-4A2B-8CB6-8C49649B52D8}.Debug|Any CPU.ActiveCfg = Debug|Any CPU
		{BD557FB4-8055-4A2B-8CB6-8C49649B52D8}.Debug|Any CPU.Build.0 = Debug|Any CPU
		{BD557FB4-8055-4A2B-8CB6-8C49649B52D8}.Release|Any CPU.ActiveCfg = Release|Any CPU
		{BD557FB4-8055-4A2B-8CB6-8C49649B52D8}.Release|Any CPU.Build.0 = Release|Any CPU
	EndGlobalSection
	GlobalSection(SolutionProperties) = preSolution
		HideSolutionNode = FALSE
	EndGlobalSection
	GlobalSection(ExtensibilityGlobals) = postSolution
		SolutionGuid = {66863960-93CB-4C7A-8C22-470C55BAC65C}
	EndGlobalSection
EndGlobal
